// !$*UTF8*$!
{
	archiveVersion = 1;
	classes = {
	};
	objectVersion = 56;
	objects = {

/* Begin PBXBuildFile section */
		1EACF7A22BF8117A009BF77E /* AppDelegate.swift in Sources */ = {isa = PBXBuildFile; fileRef = 1EACF7A12BF8117A009BF77E /* AppDelegate.swift */; };
		1EACF7A42BF8117A009BF77E /* SceneDelegate.swift in Sources */ = {isa = PBXBuildFile; fileRef = 1EACF7A32BF8117A009BF77E /* SceneDelegate.swift */; };
		1EACF7A62BF8117A009BF77E /* ClockViewController.swift in Sources */ = {isa = PBXBuildFile; fileRef = 1EACF7A52BF8117A009BF77E /* ClockViewController.swift */; };
		1EACF7A92BF8117A009BF77E /* Base in Resources */ = {isa = PBXBuildFile; fileRef = 1EACF7A82BF8117A009BF77E /* Base */; };
		1EACF7AB2BF8117B009BF77E /* Assets.xcassets in Resources */ = {isa = PBXBuildFile; fileRef = 1EACF7AA2BF8117B009BF77E /* Assets.xcassets */; };
		1EACF7AE2BF8117B009BF77E /* Base in Resources */ = {isa = PBXBuildFile; fileRef = 1EACF7AD2BF8117B009BF77E /* Base */; };
		1EACF7B62BF8119E009BF77E /* Clock.swift in Sources */ = {isa = PBXBuildFile; fileRef = 1EACF7B52BF8119E009BF77E /* Clock.swift */; };
		1EACF7B82BF811A3009BF77E /* ClockViewModel.swift in Sources */ = {isa = PBXBuildFile; fileRef = 1EACF7B72BF811A3009BF77E /* ClockViewModel.swift */; };
		1EACF7BC2BF811D2009BF77E /* Observable.swift in Sources */ = {isa = PBXBuildFile; fileRef = 1EACF7BB2BF811D2009BF77E /* Observable.swift */; };
/* End PBXBuildFile section */

/* Begin PBXFileReference section */
		1EACF79E2BF8117A009BF77E /* DataBindingSwift.app */ = {isa = PBXFileReference; explicitFileType = wrapper.application; includeInIndex = 0; path = DataBindingSwift.app; sourceTree = BUILT_PRODUCTS_DIR; };
		1EACF7A12BF8117A009BF77E /* AppDelegate.swift */ = {isa = PBXFileReference; lastKnownFileType = sourcecode.swift; path = AppDelegate.swift; sourceTree = "<group>"; };
		1EACF7A32BF8117A009BF77E /* SceneDelegate.swift */ = {isa = PBXFileReference; lastKnownFileType = sourcecode.swift; path = SceneDelegate.swift; sourceTree = "<group>"; };
		1EACF7A52BF8117A009BF77E /* ClockViewController.swift */ = {isa = PBXFileReference; lastKnownFileType = sourcecode.swift; path = ClockViewController.swift; sourceTree = "<group>"; };
		1EACF7A82BF8117A009BF77E /* Base */ = {isa = PBXFileReference; lastKnownFileType = file.storyboard; name = Base; path = Base.lproj/Main.storyboard; sourceTree = "<group>"; };
		1EACF7AA2BF8117B009BF77E /* Assets.xcassets */ = {isa = PBXFileReference; lastKnownFileType = folder.assetcatalog; path = Assets.xcassets; sourceTree = "<group>"; };
		1EACF7AD2BF8117B009BF77E /* Base */ = {isa = PBXFileReference; lastKnownFileType = file.storyboard; name = Base; path = Base.lproj/LaunchScreen.storyboard; sourceTree = "<group>"; };
		1EACF7AF2BF8117B009BF77E /* Info.plist */ = {isa = PBXFileReference; lastKnownFileType = text.plist.xml; path = Info.plist; sourceTree = "<group>"; };
		1EACF7B52BF8119E009BF77E /* Clock.swift */ = {isa = PBXFileReference; lastKnownFileType = sourcecode.swift; path = Clock.swift; sourceTree = "<group>"; };
		1EACF7B72BF811A3009BF77E /* ClockViewModel.swift */ = {isa = PBXFileReference; lastKnownFileType = sourcecode.swift; path = ClockViewModel.swift; sourceTree = "<group>"; };
		1EACF7BB2BF811D2009BF77E /* Observable.swift */ = {isa = PBXFileReference; lastKnownFileType = sourcecode.swift; path = Observable.swift; sourceTree = "<group>"; };
/* End PBXFileReference section */

/* Begin PBXFrameworksBuildPhase section */
		1EACF79B2BF8117A009BF77E /* Frameworks */ = {
			isa = PBXFrameworksBuildPhase;
			buildActionMask = 2147483647;
			files = (
			);
			runOnlyForDeploymentPostprocessing = 0;
		};
/* End PBXFrameworksBuildPhase section */

/* Begin PBXGroup section */
		1EACF7952BF8117A009BF77E = {
			isa = PBXGroup;
			children = (
				1EACF7A02BF8117A009BF77E /* DataBindingSwift */,
				1EACF79F2BF8117A009BF77E /* Products */,
			);
			sourceTree = "<group>";
		};
		1EACF79F2BF8117A009BF77E /* Products */ = {
			isa = PBXGroup;
			children = (
				1EACF79E2BF8117A009BF77E /* DataBindingSwift.app */,
			);
			name = Products;
			sourceTree = "<group>";
		};
		1EACF7A02BF8117A009BF77E /* DataBindingSwift */ = {
			isa = PBXGroup;
			children = (
				1EBEEE592BF8128500528A93 /* Storyboard */,
				1EBEEE582BF8127C00528A93 /* App */,
				1EBEEE572BF8127700528A93 /* Resources */,
				1EBEEE562BF8127300528A93 /* View */,
				1EBEEE552BF8127000528A93 /* Model */,
				1EBEEE542BF8126A00528A93 /* ViewModel */,
			);
			path = DataBindingSwift;
			sourceTree = "<group>";
		};
		1EBEEE542BF8126A00528A93 /* ViewModel */ = {
			isa = PBXGroup;
			children = (
				1EACF7B72BF811A3009BF77E /* ClockViewModel.swift */,
				1EACF7BB2BF811D2009BF77E /* Observable.swift */,
			);
			path = ViewModel;
			sourceTree = "<group>";
		};
		1EBEEE552BF8127000528A93 /* Model */ = {
			isa = PBXGroup;
			children = (
				1EACF7B52BF8119E009BF77E /* Clock.swift */,
			);
			path = Model;
			sourceTree = "<group>";
		};
		1EBEEE562BF8127300528A93 /* View */ = {
			isa = PBXGroup;
			children = (
				1EACF7A52BF8117A009BF77E /* ClockViewController.swift */,
			);
			path = View;
			sourceTree = "<group>";
		};
		1EBEEE572BF8127700528A93 /* Resources */ = {
			isa = PBXGroup;
			children = (
				1EACF7AA2BF8117B009BF77E /* Assets.xcassets */,
				1EACF7AF2BF8117B009BF77E /* Info.plist */,
			);
			path = Resources;
			sourceTree = "<group>";
		};
		1EBEEE582BF8127C00528A93 /* App */ = {
			isa = PBXGroup;
			children = (
				1EACF7A12BF8117A009BF77E /* AppDelegate.swift */,
				1EACF7A32BF8117A009BF77E /* SceneDelegate.swift */,
			);
			path = App;
			sourceTree = "<group>";
		};
		1EBEEE592BF8128500528A93 /* Storyboard */ = {
			isa = PBXGroup;
			children = (
				1EACF7A72BF8117A009BF77E /* Main.storyboard */,
				1EACF7AC2BF8117B009BF77E /* LaunchScreen.storyboard */,
			);
			path = Storyboard;
			sourceTree = "<group>";
		};
/* End PBXGroup section */

/* Begin PBXNativeTarget section */
		1EACF79D2BF8117A009BF77E /* DataBindingSwift */ = {
			isa = PBXNativeTarget;
			buildConfigurationList = 1EACF7B22BF8117B009BF77E /* Build configuration list for PBXNativeTarget "DataBindingSwift" */;
			buildPhases = (
				1EACF79A2BF8117A009BF77E /* Sources */,
				1EACF79B2BF8117A009BF77E /* Frameworks */,
				1EACF79C2BF8117A009BF77E /* Resources */,
			);
			buildRules = (
			);
			dependencies = (
			);
			name = DataBindingSwift;
			productName = DataBindingSwift;
			productReference = 1EACF79E2BF8117A009BF77E /* DataBindingSwift.app */;
			productType = "com.apple.product-type.application";
		};
/* End PBXNativeTarget section */

/* Begin PBXProject section */
		1EACF7962BF8117A009BF77E /* Project object */ = {
			isa = PBXProject;
			attributes = {
				BuildIndependentTargetsInParallel = 1;
				LastSwiftUpdateCheck = 1540;
				LastUpgradeCheck = 1540;
				TargetAttributes = {
					1EACF79D2BF8117A009BF77E = {
						CreatedOnToolsVersion = 15.4;
					};
				};
			};
			buildConfigurationList = 1EACF7992BF8117A009BF77E /* Build configuration list for PBXProject "DataBindingSwift" */;
			compatibilityVersion = "Xcode 14.0";
			developmentRegion = en;
			hasScannedForEncodings = 0;
			knownRegions = (
				en,
				Base,
			);
			mainGroup = 1EACF7952BF8117A009BF77E;
			productRefGroup = 1EACF79F2BF8117A009BF77E /* Products */;
			projectDirPath = "";
			projectRoot = "";
			targets = (
				1EACF79D2BF8117A009BF77E /* DataBindingSwift */,
			);
		};
/* End PBXProject section */

/* Begin PBXResourcesBuildPhase section */
		1EACF79C2BF8117A009BF77E /* Resources */ = {
			isa = PBXResourcesBuildPhase;
			buildActionMask = 2147483647;
			files = (
				1EACF7AB2BF8117B009BF77E /* Assets.xcassets in Resources */,
				1EACF7AE2BF8117B009BF77E /* Base in Resources */,
				1EACF7A92BF8117A009BF77E /* Base in Resources */,
			);
			runOnlyForDeploymentPostprocessing = 0;
		};
/* End PBXResourcesBuildPhase section */

/* Begin PBXSourcesBuildPhase section */
		1EACF79A2BF8117A009BF77E /* Sources */ = {
			isa = PBXSourcesBuildPhase;
			buildActionMask = 2147483647;
			files = (
				1EACF7A62BF8117A009BF77E /* ClockViewController.swift in Sources */,
				1EACF7A22BF8117A009BF77E /* AppDelegate.swift in Sources */,
				1EACF7B62BF8119E009BF77E /* Clock.swift in Sources */,
				1EACF7A42BF8117A009BF77E /* SceneDelegate.swift in Sources */,
				1EACF7BC2BF811D2009BF77E /* Observable.swift in Sources */,
				1EACF7B82BF811A3009BF77E /* ClockViewModel.swift in Sources */,
			);
			runOnlyForDeploymentPostprocessing = 0;
		};
/* End PBXSourcesBuildPhase section */

/* Begin PBXVariantGroup section */
		1EACF7A72BF8117A009BF77E /* Main.storyboard */ = {
			isa = PBXVariantGroup;
			children = (
				1EACF7A82BF8117A009BF77E /* Base */,
			);
			name = Main.storyboard;
			sourceTree = "<group>";
		};
		1EACF7AC2BF8117B009BF77E /* LaunchScreen.storyboard */ = {
			isa = PBXVariantGroup;
			children = (
				1EACF7AD2BF8117B009BF77E /* Base */,
			);
			name = LaunchScreen.storyboard;
			sourceTree = "<group>";
		};
/* End PBXVariantGroup section */

/* Begin XCBuildConfiguration section */
		1EACF7B02BF8117B009BF77E /* Debug */ = {
			isa = XCBuildConfiguration;
			buildSettings = {
				ALWAYS_SEARCH_USER_PATHS = NO;
				ASSETCATALOG_COMPILER_GENERATE_SWIFT_ASSET_SYMBOL_EXTENSIONS = YES;
				CLANG_ANALYZER_NONNULL = YES;
				CLANG_ANALYZER_NUMBER_OBJECT_CONVERSION = YES_AGGRESSIVE;
				CLANG_CXX_LANGUAGE_STANDARD = "gnu++20";
				CLANG_ENABLE_MODULES = YES;
				CLANG_ENABLE_OBJC_ARC = YES;
				CLANG_ENABLE_OBJC_WEAK = YES;
				CLANG_WARN_BLOCK_CAPTURE_AUTORELEASING = YES;
				CLANG_WARN_BOOL_CONVERSION = YES;
				CLANG_WARN_COMMA = YES;
				CLANG_WARN_CONSTANT_CONVERSION = YES;
				CLANG_WARN_DEPRECATED_OBJC_IMPLEMENTATIONS = YES;
				CLANG_WARN_DIRECT_OBJC_ISA_USAGE = YES_ERROR;
				CLANG_WARN_DOCUMENTATION_COMMENTS = YES;
				CLANG_WARN_EMPTY_BODY = YES;
				CLANG_WARN_ENUM_CONVERSION = YES;
				CLANG_WARN_INFINITE_RECURSION = YES;
				CLANG_WARN_INT_CONVERSION = YES;
				CLANG_WARN_NON_LITERAL_NULL_CONVERSION = YES;
				CLANG_WARN_OBJC_IMPLICIT_RETAIN_SELF = YES;
				CLANG_WARN_OBJC_LITERAL_CONVERSION = YES;
				CLANG_WARN_OBJC_ROOT_CLASS = YES_ERROR;
				CLANG_WARN_QUOTED_INCLUDE_IN_FRAMEWORK_HEADER = YES;
				CLANG_WARN_RANGE_LOOP_ANALYSIS = YES;
				CLANG_WARN_STRICT_PROTOTYPES = YES;
				CLANG_WARN_SUSPICIOUS_MOVE = YES;
				CLANG_WARN_UNGUARDED_AVAILABILITY = YES_AGGRESSIVE;
				CLANG_WARN_UNREACHABLE_CODE = YES;
				CLANG_WARN__DUPLICATE_METHOD_MATCH = YES;
				COPY_PHASE_STRIP = NO;
				DEBUG_INFORMATION_FORMAT = dwarf;
				ENABLE_STRICT_OBJC_MSGSEND = YES;
				ENABLE_TESTABILITY = YES;
				ENABLE_USER_SCRIPT_SANDBOXING = YES;
				GCC_C_LANGUAGE_STANDARD = gnu17;
				GCC_DYNAMIC_NO_PIC = NO;
				GCC_NO_COMMON_BLOCKS = YES;
				GCC_OPTIMIZATION_LEVEL = 0;
				GCC_PREPROCESSOR_DEFINITIONS = (
					"DEBUG=1",
					"$(inherited)",
				);
				GCC_WARN_64_TO_32_BIT_CONVERSION = YES;
				GCC_WARN_ABOUT_RETURN_TYPE = YES_ERROR;
				GCC_WARN_UNDECLARED_SELECTOR = YES;
				GCC_WARN_UNINITIALIZED_AUTOS = YES_AGGRESSIVE;
				GCC_WARN_UNUSED_FUNCTION = YES;
				GCC_WARN_UNUSED_VARIABLE = YES;
				IPHONEOS_DEPLOYMENT_TARGET = 17.5;
				LOCALIZATION_PREFERS_STRING_CATALOGS = YES;
				MTL_ENABLE_DEBUG_INFO = INCLUDE_SOURCE;
				MTL_FAST_MATH = YES;
				ONLY_ACTIVE_ARCH = YES;
				SDKROOT = iphoneos;
				SWIFT_ACTIVE_COMPILATION_CONDITIONS = "DEBUG $(inherited)";
				SWIFT_OPTIMIZATION_LEVEL = "-Onone";
			};
			name = Debug;
		};
		1EACF7B12BF8117B009BF77E /* Release */ = {
			isa = XCBuildConfiguration;
			buildSettings = {
				ALWAYS_SEARCH_USER_PATHS = NO;
				ASSETCATALOG_COMPILER_GENERATE_SWIFT_ASSET_SYMBOL_EXTENSIONS = YES;
				CLANG_ANALYZER_NONNULL = YES;
				CLANG_ANALYZER_NUMBER_OBJECT_CONVERSION = YES_AGGRESSIVE;
				CLANG_CXX_LANGUAGE_STANDARD = "gnu++20";
				CLANG_ENABLE_MODULES = YES;
				CLANG_ENABLE_OBJC_ARC = YES;
				CLANG_ENABLE_OBJC_WEAK = YES;
				CLANG_WARN_BLOCK_CAPTURE_AUTORELEASING = YES;
				CLANG_WARN_BOOL_CONVERSION = YES;
				CLANG_WARN_COMMA = YES;
				CLANG_WARN_CONSTANT_CONVERSION = YES;
				CLANG_WARN_DEPRECATED_OBJC_IMPLEMENTATIONS = YES;
				CLANG_WARN_DIRECT_OBJC_ISA_USAGE = YES_ERROR;
				CLANG_WARN_DOCUMENTATION_COMMENTS = YES;
				CLANG_WARN_EMPTY_BODY = YES;
				CLANG_WARN_ENUM_CONVERSION = YES;
				CLANG_WARN_INFINITE_RECURSION = YES;
				CLANG_WARN_INT_CONVERSION = YES;
				CLANG_WARN_NON_LITERAL_NULL_CONVERSION = YES;
				CLANG_WARN_OBJC_IMPLICIT_RETAIN_SELF = YES;
				CLANG_WARN_OBJC_LITERAL_CONVERSION = YES;
				CLANG_WARN_OBJC_ROOT_CLASS = YES_ERROR;
				CLANG_WARN_QUOTED_INCLUDE_IN_FRAMEWORK_HEADER = YES;
				CLANG_WARN_RANGE_LOOP_ANALYSIS = YES;
				CLANG_WARN_STRICT_PROTOTYPES = YES;
				CLANG_WARN_SUSPICIOUS_MOVE = YES;
				CLANG_WARN_UNGUARDED_AVAILABILITY = YES_AGGRESSIVE;
				CLANG_WARN_UNREACHABLE_CODE = YES;
				CLANG_WARN__DUPLICATE_METHOD_MATCH = YES;
				COPY_PHASE_STRIP = NO;
				DEBUG_INFORMATION_FORMAT = "dwarf-with-dsym";
				ENABLE_NS_ASSERTIONS = NO;
				ENABLE_STRICT_OBJC_MSGSEND = YES;
				ENABLE_USER_SCRIPT_SANDBOXING = YES;
				GCC_C_LANGUAGE_STANDARD = gnu17;
				GCC_NO_COMMON_BLOCKS = YES;
				GCC_WARN_64_TO_32_BIT_CONVERSION = YES;
				GCC_WARN_ABOUT_RETURN_TYPE = YES_ERROR;
				GCC_WARN_UNDECLARED_SELECTOR = YES;
				GCC_WARN_UNINITIALIZED_AUTOS = YES_AGGRESSIVE;
				GCC_WARN_UNUSED_FUNCTION = YES;
				GCC_WARN_UNUSED_VARIABLE = YES;
				IPHONEOS_DEPLOYMENT_TARGET = 17.5;
				LOCALIZATION_PREFERS_STRING_CATALOGS = YES;
				MTL_ENABLE_DEBUG_INFO = NO;
				MTL_FAST_MATH = YES;
				SDKROOT = iphoneos;
				SWIFT_COMPILATION_MODE = wholemodule;
				VALIDATE_PRODUCT = YES;
			};
			name = Release;
		};
		1EACF7B32BF8117B009BF77E /* Debug */ = {
			isa = XCBuildConfiguration;
			buildSettings = {
				ASSETCATALOG_COMPILER_APPICON_NAME = AppIcon;
				ASSETCATALOG_COMPILER_GLOBAL_ACCENT_COLOR_NAME = AccentColor;
				CODE_SIGN_STYLE = Automatic;
				CURRENT_PROJECT_VERSION = 1;
				DEVELOPMENT_TEAM = KSGZPL6D9M;
				GENERATE_INFOPLIST_FILE = YES;
				INFOPLIST_FILE = DataBindingSwift/Resources/Info.plist;
				INFOPLIST_KEY_UIApplicationSupportsIndirectInputEvents = YES;
				INFOPLIST_KEY_UILaunchStoryboardName = LaunchScreen;
				INFOPLIST_KEY_UIMainStoryboardFile = Main;
				INFOPLIST_KEY_UISupportedInterfaceOrientations_iPad = "UIInterfaceOrientationPortrait UIInterfaceOrientationPortraitUpsideDown UIInterfaceOrientationLandscapeLeft UIInterfaceOrientationLandscapeRight";
				INFOPLIST_KEY_UISupportedInterfaceOrientations_iPhone = "UIInterfaceOrientationPortrait UIInterfaceOrientationLandscapeLeft UIInterfaceOrientationLandscapeRight";
				LD_RUNPATH_SEARCH_PATHS = (
					"$(inherited)",
					"@executable_path/Frameworks",
				);
				MARKETING_VERSION = 1.0;
				PRODUCT_BUNDLE_IDENTIFIER = com.ozbagdatli.DataBindingSwift;
				PRODUCT_NAME = "$(TARGET_NAME)";
				SWIFT_EMIT_LOC_STRINGS = YES;
				SWIFT_VERSION = 5.0;
				TARGETED_DEVICE_FAMILY = "1,2";
			};
			name = Debug;
		};
		1EACF7B42BF8117B009BF77E /* Release */ = {
			isa = XCBuildConfiguration;
			buildSettings = {
				ASSETCATALOG_COMPILER_APPICON_NAME = AppIcon;
				ASSETCATALOG_COMPILER_GLOBAL_ACCENT_COLOR_NAME = AccentColor;
				CODE_SIGN_STYLE = Automatic;
				CURRENT_PROJECT_VERSION = 1;
				DEVELOPMENT_TEAM = KSGZPL6D9M;
				GENERATE_INFOPLIST_FILE = YES;
				INFOPLIST_FILE = DataBindingSwift/Resources/Info.plist;
				INFOPLIST_KEY_UIApplicationSupportsIndirectInputEvents = YES;
				INFOPLIST_KEY_UILaunchStoryboardName = LaunchScreen;
				INFOPLIST_KEY_UIMainStoryboardFile = Main;
				INFOPLIST_KEY_UISupportedInterfaceOrientations_iPad = "UIInterfaceOrientationPortrait UIInterfaceOrientationPortraitUpsideDown UIInterfaceOrientationLandscapeLeft UIInterfaceOrientationLandscapeRight";
				INFOPLIST_KEY_UISupportedInterfaceOrientations_iPhone = "UIInterfaceOrientationPortrait UIInterfaceOrientationLandscapeLeft UIInterfaceOrientationLandscapeRight";
				LD_RUNPATH_SEARCH_PATHS = (
					"$(inherited)",
					"@executable_path/Frameworks",
				);
				MARKETING_VERSION = 1.0;
				PRODUCT_BUNDLE_IDENTIFIER = com.ozbagdatli.DataBindingSwift;
				PRODUCT_NAME = "$(TARGET_NAME)";
				SWIFT_EMIT_LOC_STRINGS = YES;
				SWIFT_VERSION = 5.0;
				TARGETED_DEVICE_FAMILY = "1,2";
			};
			name = Release;
		};
/* End XCBuildConfiguration section */

/* Begin XCConfigurationList section */
		1EACF7992BF8117A009BF77E /* Build configuration list for PBXProject "DataBindingSwift" */ = {
			isa = XCConfigurationList;
			buildConfigurations = (
				1EACF7B02BF8117B009BF77E /* Debug */,
				1EACF7B12BF8117B009BF77E /* Release */,
			);
			defaultConfigurationIsVisible = 0;
			defaultConfigurationName = Release;
		};
		1EACF7B22BF8117B009BF77E /* Build configuration list for PBXNativeTarget "DataBindingSwift" */ = {
			isa = XCConfigurationList;
			buildConfigurations = (
				1EACF7B32BF8117B009BF77E /* Debug */,
				1EACF7B42BF8117B009BF77E /* Release */,
			);
			defaultConfigurationIsVisible = 0;
			defaultConfigurationName = Release;
		};
/* End XCConfigurationList section */
	};
	rootObject = 1EACF7962BF8117A009BF77E /* Project object */;
}
